// !$*UTF8*$!
{
	archiveVersion = 1;
	classes = {
	};
	objectVersion = 56;
	objects = {

/* Begin PBXBuildFile section */
		9C5631212BB928740098E3F1 /* AppDelegate.swift in Sources */ = {isa = PBXBuildFile; fileRef = 9C5631202BB928740098E3F1 /* AppDelegate.swift */; };
		9C5631232BB928740098E3F1 /* SceneDelegate.swift in Sources */ = {isa = PBXBuildFile; fileRef = 9C5631222BB928740098E3F1 /* SceneDelegate.swift */; };
		9C5631252BB928740098E3F1 /* ViewController.swift in Sources */ = {isa = PBXBuildFile; fileRef = 9C5631242BB928740098E3F1 /* ViewController.swift */; };
		9C5631282BB928740098E3F1 /* Base in Resources */ = {isa = PBXBuildFile; fileRef = 9C5631272BB928740098E3F1 /* Base */; };
		9C56312B2BB928740098E3F1 /* MyGithub.xcdatamodeld in Sources */ = {isa = PBXBuildFile; fileRef = 9C5631292BB928740098E3F1 /* MyGithub.xcdatamodeld */; };
		9C56312D2BB928750098E3F1 /* Assets.xcassets in Resources */ = {isa = PBXBuildFile; fileRef = 9C56312C2BB928750098E3F1 /* Assets.xcassets */; };
		9C5631302BB928750098E3F1 /* Base in Resources */ = {isa = PBXBuildFile; fileRef = 9C56312F2BB928750098E3F1 /* Base */; };
		9CA165DF2BBAA98500BE5F13 /* TableViewCell.swift in Sources */ = {isa = PBXBuildFile; fileRef = 9CA165DE2BBAA98500BE5F13 /* TableViewCell.swift */; };
		9CA165E12BBAE77200BE5F13 /* GithubProfile.swift in Sources */ = {isa = PBXBuildFile; fileRef = 9CA165E02BBAE77200BE5F13 /* GithubProfile.swift */; };
		9CA165E32BBAE7A400BE5F13 /* GithubRepositories.swift in Sources */ = {isa = PBXBuildFile; fileRef = 9CA165E22BBAE7A400BE5F13 /* GithubRepositories.swift */; };
		F1ED7819914318A60481D77D /* Pods_MyGithub.framework in Frameworks */ = {isa = PBXBuildFile; fileRef = 5F52509673F2A5684C98D7A3 /* Pods_MyGithub.framework */; };
/* End PBXBuildFile section */

/* Begin PBXFileReference section */
		560E232BD76EAC9780674AD3 /* Pods-MyGithub.release.xcconfig */ = {isa = PBXFileReference; includeInIndex = 1; lastKnownFileType = text.xcconfig; name = "Pods-MyGithub.release.xcconfig"; path = "Target Support Files/Pods-MyGithub/Pods-MyGithub.release.xcconfig"; sourceTree = "<group>"; };
		5F52509673F2A5684C98D7A3 /* Pods_MyGithub.framework */ = {isa = PBXFileReference; explicitFileType = wrapper.framework; includeInIndex = 0; path = Pods_MyGithub.framework; sourceTree = BUILT_PRODUCTS_DIR; };
		6C3EFE14F3BAC49C4B346776 /* Pods-MyGithub.debug.xcconfig */ = {isa = PBXFileReference; includeInIndex = 1; lastKnownFileType = text.xcconfig; name = "Pods-MyGithub.debug.xcconfig"; path = "Target Support Files/Pods-MyGithub/Pods-MyGithub.debug.xcconfig"; sourceTree = "<group>"; };
		9C56311D2BB928740098E3F1 /* MyGithub.app */ = {isa = PBXFileReference; explicitFileType = wrapper.application; includeInIndex = 0; path = MyGithub.app; sourceTree = BUILT_PRODUCTS_DIR; };
		9C5631202BB928740098E3F1 /* AppDelegate.swift */ = {isa = PBXFileReference; lastKnownFileType = sourcecode.swift; path = AppDelegate.swift; sourceTree = "<group>"; };
		9C5631222BB928740098E3F1 /* SceneDelegate.swift */ = {isa = PBXFileReference; lastKnownFileType = sourcecode.swift; path = SceneDelegate.swift; sourceTree = "<group>"; };
		9C5631242BB928740098E3F1 /* ViewController.swift */ = {isa = PBXFileReference; lastKnownFileType = sourcecode.swift; path = ViewController.swift; sourceTree = "<group>"; };
		9C5631272BB928740098E3F1 /* Base */ = {isa = PBXFileReference; lastKnownFileType = file.storyboard; name = Base; path = Base.lproj/Main.storyboard; sourceTree = "<group>"; };
		9C56312A2BB928740098E3F1 /* MyGithub.xcdatamodel */ = {isa = PBXFileReference; lastKnownFileType = wrapper.xcdatamodel; path = MyGithub.xcdatamodel; sourceTree = "<group>"; };
		9C56312C2BB928750098E3F1 /* Assets.xcassets */ = {isa = PBXFileReference; lastKnownFileType = folder.assetcatalog; path = Assets.xcassets; sourceTree = "<group>"; };
		9C56312F2BB928750098E3F1 /* Base */ = {isa = PBXFileReference; lastKnownFileType = file.storyboard; name = Base; path = Base.lproj/LaunchScreen.storyboard; sourceTree = "<group>"; };
		9C5631312BB928750098E3F1 /* Info.plist */ = {isa = PBXFileReference; lastKnownFileType = text.plist.xml; path = Info.plist; sourceTree = "<group>"; };
		9CA165DE2BBAA98500BE5F13 /* TableViewCell.swift */ = {isa = PBXFileReference; lastKnownFileType = sourcecode.swift; path = TableViewCell.swift; sourceTree = "<group>"; };
		9CA165E02BBAE77200BE5F13 /* GithubProfile.swift */ = {isa = PBXFileReference; lastKnownFileType = sourcecode.swift; path = GithubProfile.swift; sourceTree = "<group>"; };
		9CA165E22BBAE7A400BE5F13 /* GithubRepositories.swift */ = {isa = PBXFileReference; lastKnownFileType = sourcecode.swift; path = GithubRepositories.swift; sourceTree = "<group>"; };
/* End PBXFileReference section */

/* Begin PBXFrameworksBuildPhase section */
		9C56311A2BB928740098E3F1 /* Frameworks */ = {
			isa = PBXFrameworksBuildPhase;
			buildActionMask = 2147483647;
			files = (
				F1ED7819914318A60481D77D /* Pods_MyGithub.framework in Frameworks */,
			);
			runOnlyForDeploymentPostprocessing = 0;
		};
/* End PBXFrameworksBuildPhase section */

/* Begin PBXGroup section */
		4CE90D52438F7BC1C696B4B1 /* Pods */ = {
			isa = PBXGroup;
			children = (
				6C3EFE14F3BAC49C4B346776 /* Pods-MyGithub.debug.xcconfig */,
				560E232BD76EAC9780674AD3 /* Pods-MyGithub.release.xcconfig */,
			);
			path = Pods;
			sourceTree = "<group>";
		};
		7CC978848CAAE0679984D1B1 /* Frameworks */ = {
			isa = PBXGroup;
			children = (
				5F52509673F2A5684C98D7A3 /* Pods_MyGithub.framework */,
			);
			name = Frameworks;
			sourceTree = "<group>";
		};
		9C5631142BB928740098E3F1 = {
			isa = PBXGroup;
			children = (
				9C56311F2BB928740098E3F1 /* MyGithub */,
				9C56311E2BB928740098E3F1 /* Products */,
				4CE90D52438F7BC1C696B4B1 /* Pods */,
				7CC978848CAAE0679984D1B1 /* Frameworks */,
			);
			sourceTree = "<group>";
		};
		9C56311E2BB928740098E3F1 /* Products */ = {
			isa = PBXGroup;
			children = (
				9C56311D2BB928740098E3F1 /* MyGithub.app */,
			);
			name = Products;
			sourceTree = "<group>";
		};
		9C56311F2BB928740098E3F1 /* MyGithub */ = {
			isa = PBXGroup;
			children = (
				9C5631202BB928740098E3F1 /* AppDelegate.swift */,
				9C5631222BB928740098E3F1 /* SceneDelegate.swift */,
				9CA165E52BBAE7C600BE5F13 /* Model */,
				9CA165E42BBAE7B600BE5F13 /* View */,
				9CA165E62BBAE7DA00BE5F13 /* Controller */,
				9C56312C2BB928750098E3F1 /* Assets.xcassets */,
				9C56312E2BB928750098E3F1 /* LaunchScreen.storyboard */,
				9C5631312BB928750098E3F1 /* Info.plist */,
				9C5631292BB928740098E3F1 /* MyGithub.xcdatamodeld */,
			);
			path = MyGithub;
			sourceTree = "<group>";
		};
		9CA165E42BBAE7B600BE5F13 /* View */ = {
			isa = PBXGroup;
			children = (
				9C5631262BB928740098E3F1 /* Main.storyboard */,
			);
			path = View;
			sourceTree = "<group>";
		};
		9CA165E52BBAE7C600BE5F13 /* Model */ = {
			isa = PBXGroup;
			children = (
				9CA165E02BBAE77200BE5F13 /* GithubProfile.swift */,
				9CA165E22BBAE7A400BE5F13 /* GithubRepositories.swift */,
			);
			path = Model;
			sourceTree = "<group>";
		};
		9CA165E62BBAE7DA00BE5F13 /* Controller */ = {
			isa = PBXGroup;
			children = (
				9C5631242BB928740098E3F1 /* ViewController.swift */,
				9CA165DE2BBAA98500BE5F13 /* TableViewCell.swift */,
			);
			path = Controller;
			sourceTree = "<group>";
		};
/* End PBXGroup section */

/* Begin PBXNativeTarget section */
		9C56311C2BB928740098E3F1 /* MyGithub */ = {
			isa = PBXNativeTarget;
			buildConfigurationList = 9C5631342BB928750098E3F1 /* Build configuration list for PBXNativeTarget "MyGithub" */;
			buildPhases = (
				B41C70C0D5B9A161E7129DD5 /* [CP] Check Pods Manifest.lock */,
				9C5631192BB928740098E3F1 /* Sources */,
				9C56311A2BB928740098E3F1 /* Frameworks */,
				9C56311B2BB928740098E3F1 /* Resources */,
				82E73D2EC143573654B3BD20 /* [CP] Embed Pods Frameworks */,
			);
			buildRules = (
			);
			dependencies = (
			);
			name = MyGithub;
			productName = MyGithub;
			productReference = 9C56311D2BB928740098E3F1 /* MyGithub.app */;
			productType = "com.apple.product-type.application";
		};
/* End PBXNativeTarget section */

/* Begin PBXProject section */
		9C5631152BB928740098E3F1 /* Project object */ = {
			isa = PBXProject;
			attributes = {
				BuildIndependentTargetsInParallel = 1;
				LastSwiftUpdateCheck = 1530;
				LastUpgradeCheck = 1530;
				TargetAttributes = {
					9C56311C2BB928740098E3F1 = {
						CreatedOnToolsVersion = 15.3;
					};
				};
			};
			buildConfigurationList = 9C5631182BB928740098E3F1 /* Build configuration list for PBXProject "MyGithub" */;
			compatibilityVersion = "Xcode 14.0";
			developmentRegion = en;
			hasScannedForEncodings = 0;
			knownRegions = (
				en,
				Base,
			);
			mainGroup = 9C5631142BB928740098E3F1;
			productRefGroup = 9C56311E2BB928740098E3F1 /* Products */;
			projectDirPath = "";
			projectRoot = "";
			targets = (
				9C56311C2BB928740098E3F1 /* MyGithub */,
			);
		};
/* End PBXProject section */

/* Begin PBXResourcesBuildPhase section */
		9C56311B2BB928740098E3F1 /* Resources */ = {
			isa = PBXResourcesBuildPhase;
			buildActionMask = 2147483647;
			files = (
				9C56312D2BB928750098E3F1 /* Assets.xcassets in Resources */,
				9C5631302BB928750098E3F1 /* Base in Resources */,
				9C5631282BB928740098E3F1 /* Base in Resources */,
			);
			runOnlyForDeploymentPostprocessing = 0;
		};
/* End PBXResourcesBuildPhase section */

/* Begin PBXShellScriptBuildPhase section */
		82E73D2EC143573654B3BD20 /* [CP] Embed Pods Frameworks */ = {
			isa = PBXShellScriptBuildPhase;
			buildActionMask = 2147483647;
			files = (
			);
			inputFileListPaths = (
				"${PODS_ROOT}/Target Support Files/Pods-MyGithub/Pods-MyGithub-frameworks-${CONFIGURATION}-input-files.xcfilelist",
			);
			name = "[CP] Embed Pods Frameworks";
			outputFileListPaths = (
				"${PODS_ROOT}/Target Support Files/Pods-MyGithub/Pods-MyGithub-frameworks-${CONFIGURATION}-output-files.xcfilelist",
			);
			runOnlyForDeploymentPostprocessing = 0;
			shellPath = /bin/sh;
			shellScript = "\"${PODS_ROOT}/Target Support Files/Pods-MyGithub/Pods-MyGithub-frameworks.sh\"\n";
			showEnvVarsInLog = 0;
		};
		B41C70C0D5B9A161E7129DD5 /* [CP] Check Pods Manifest.lock */ = {
			isa = PBXShellScriptBuildPhase;
			buildActionMask = 2147483647;
			files = (
			);
			inputFileListPaths = (
			);
			inputPaths = (
				"${PODS_PODFILE_DIR_PATH}/Podfile.lock",
				"${PODS_ROOT}/Manifest.lock",
			);
			name = "[CP] Check Pods Manifest.lock";
			outputFileListPaths = (
			);
			outputPaths = (
				"$(DERIVED_FILE_DIR)/Pods-MyGithub-checkManifestLockResult.txt",
			);
			runOnlyForDeploymentPostprocessing = 0;
			shellPath = /bin/sh;
			shellScript = "diff \"${PODS_PODFILE_DIR_PATH}/Podfile.lock\" \"${PODS_ROOT}/Manifest.lock\" > /dev/null\nif [ $? != 0 ] ; then\n    # print error to STDERR\n    echo \"error: The sandbox is not in sync with the Podfile.lock. Run 'pod install' or update your CocoaPods installation.\" >&2\n    exit 1\nfi\n# This output is used by Xcode 'outputs' to avoid re-running this script phase.\necho \"SUCCESS\" > \"${SCRIPT_OUTPUT_FILE_0}\"\n";
			showEnvVarsInLog = 0;
		};
/* End PBXShellScriptBuildPhase section */

/* Begin PBXSourcesBuildPhase section */
		9C5631192BB928740098E3F1 /* Sources */ = {
			isa = PBXSourcesBuildPhase;
			buildActionMask = 2147483647;
			files = (
				9CA165E12BBAE77200BE5F13 /* GithubProfile.swift in Sources */,
				9CA165DF2BBAA98500BE5F13 /* TableViewCell.swift in Sources */,
				9C5631252BB928740098E3F1 /* ViewController.swift in Sources */,
				9CA165E32BBAE7A400BE5F13 /* GithubRepositories.swift in Sources */,
				9C5631212BB928740098E3F1 /* AppDelegate.swift in Sources */,
				9C56312B2BB928740098E3F1 /* MyGithub.xcdatamodeld in Sources */,
				9C5631232BB928740098E3F1 /* SceneDelegate.swift in Sources */,
			);
			runOnlyForDeploymentPostprocessing = 0;
		};
/* End PBXSourcesBuildPhase section */

/* Begin PBXVariantGroup section */
		9C5631262BB928740098E3F1 /* Main.storyboard */ = {
			isa = PBXVariantGroup;
			children = (
				9C5631272BB928740098E3F1 /* Base */,
			);
			name = Main.storyboard;
			sourceTree = "<group>";
		};
		9C56312E2BB928750098E3F1 /* LaunchScreen.storyboard */ = {
			isa = PBXVariantGroup;
			children = (
				9C56312F2BB928750098E3F1 /* Base */,
			);
			name = LaunchScreen.storyboard;
			sourceTree = "<group>";
		};
/* End PBXVariantGroup section */

/* Begin XCBuildConfiguration section */
		9C5631322BB928750098E3F1 /* Debug */ = {
			isa = XCBuildConfiguration;
			buildSettings = {
				ALWAYS_SEARCH_USER_PATHS = NO;
				ASSETCATALOG_COMPILER_GENERATE_SWIFT_ASSET_SYMBOL_EXTENSIONS = YES;
				CLANG_ANALYZER_NONNULL = YES;
				CLANG_ANALYZER_NUMBER_OBJECT_CONVERSION = YES_AGGRESSIVE;
				CLANG_CXX_LANGUAGE_STANDARD = "gnu++20";
				CLANG_ENABLE_MODULES = YES;
				CLANG_ENABLE_OBJC_ARC = YES;
				CLANG_ENABLE_OBJC_WEAK = YES;
				CLANG_WARN_BLOCK_CAPTURE_AUTORELEASING = YES;
				CLANG_WARN_BOOL_CONVERSION = YES;
				CLANG_WARN_COMMA = YES;
				CLANG_WARN_CONSTANT_CONVERSION = YES;
				CLANG_WARN_DEPRECATED_OBJC_IMPLEMENTATIONS = YES;
				CLANG_WARN_DIRECT_OBJC_ISA_USAGE = YES_ERROR;
				CLANG_WARN_DOCUMENTATION_COMMENTS = YES;
				CLANG_WARN_EMPTY_BODY = YES;
				CLANG_WARN_ENUM_CONVERSION = YES;
				CLANG_WARN_INFINITE_RECURSION = YES;
				CLANG_WARN_INT_CONVERSION = YES;
				CLANG_WARN_NON_LITERAL_NULL_CONVERSION = YES;
				CLANG_WARN_OBJC_IMPLICIT_RETAIN_SELF = YES;
				CLANG_WARN_OBJC_LITERAL_CONVERSION = YES;
				CLANG_WARN_OBJC_ROOT_CLASS = YES_ERROR;
				CLANG_WARN_QUOTED_INCLUDE_IN_FRAMEWORK_HEADER = YES;
				CLANG_WARN_RANGE_LOOP_ANALYSIS = YES;
				CLANG_WARN_STRICT_PROTOTYPES = YES;
				CLANG_WARN_SUSPICIOUS_MOVE = YES;
				CLANG_WARN_UNGUARDED_AVAILABILITY = YES_AGGRESSIVE;
				CLANG_WARN_UNREACHABLE_CODE = YES;
				CLANG_WARN__DUPLICATE_METHOD_MATCH = YES;
				COPY_PHASE_STRIP = NO;
				DEBUG_INFORMATION_FORMAT = dwarf;
				ENABLE_STRICT_OBJC_MSGSEND = YES;
				ENABLE_TESTABILITY = YES;
				ENABLE_USER_SCRIPT_SANDBOXING = NO;
				GCC_C_LANGUAGE_STANDARD = gnu17;
				GCC_DYNAMIC_NO_PIC = NO;
				GCC_NO_COMMON_BLOCKS = YES;
				GCC_OPTIMIZATION_LEVEL = 0;
				GCC_PREPROCESSOR_DEFINITIONS = (
					"DEBUG=1",
					"$(inherited)",
				);
				GCC_WARN_64_TO_32_BIT_CONVERSION = YES;
				GCC_WARN_ABOUT_RETURN_TYPE = YES_ERROR;
				GCC_WARN_UNDECLARED_SELECTOR = YES;
				GCC_WARN_UNINITIALIZED_AUTOS = YES_AGGRESSIVE;
				GCC_WARN_UNUSED_FUNCTION = YES;
				GCC_WARN_UNUSED_VARIABLE = YES;
				IPHONEOS_DEPLOYMENT_TARGET = 17.4;
				LOCALIZATION_PREFERS_STRING_CATALOGS = YES;
				MTL_ENABLE_DEBUG_INFO = INCLUDE_SOURCE;
				MTL_FAST_MATH = YES;
				ONLY_ACTIVE_ARCH = YES;
				SDKROOT = iphoneos;
				SWIFT_ACTIVE_COMPILATION_CONDITIONS = "DEBUG $(inherited)";
				SWIFT_OPTIMIZATION_LEVEL = "-Onone";
			};
			name = Debug;
		};
		9C5631332BB928750098E3F1 /* Release */ = {
			isa = XCBuildConfiguration;
			buildSettings = {
				ALWAYS_SEARCH_USER_PATHS = NO;
				ASSETCATALOG_COMPILER_GENERATE_SWIFT_ASSET_SYMBOL_EXTENSIONS = YES;
				CLANG_ANALYZER_NONNULL = YES;
				CLANG_ANALYZER_NUMBER_OBJECT_CONVERSION = YES_AGGRESSIVE;
				CLANG_CXX_LANGUAGE_STANDARD = "gnu++20";
				CLANG_ENABLE_MODULES = YES;
				CLANG_ENABLE_OBJC_ARC = YES;
				CLANG_ENABLE_OBJC_WEAK = YES;
				CLANG_WARN_BLOCK_CAPTURE_AUTORELEASING = YES;
				CLANG_WARN_BOOL_CONVERSION = YES;
				CLANG_WARN_COMMA = YES;
				CLANG_WARN_CONSTANT_CONVERSION = YES;
				CLANG_WARN_DEPRECATED_OBJC_IMPLEMENTATIONS = YES;
				CLANG_WARN_DIRECT_OBJC_ISA_USAGE = YES_ERROR;
				CLANG_WARN_DOCUMENTATION_COMMENTS = YES;
				CLANG_WARN_EMPTY_BODY = YES;
				CLANG_WARN_ENUM_CONVERSION = YES;
				CLANG_WARN_INFINITE_RECURSION = YES;
				CLANG_WARN_INT_CONVERSION = YES;
				CLANG_WARN_NON_LITERAL_NULL_CONVERSION = YES;
				CLANG_WARN_OBJC_IMPLICIT_RETAIN_SELF = YES;
				CLANG_WARN_OBJC_LITERAL_CONVERSION = YES;
				CLANG_WARN_OBJC_ROOT_CLASS = YES_ERROR;
				CLANG_WARN_QUOTED_INCLUDE_IN_FRAMEWORK_HEADER = YES;
				CLANG_WARN_RANGE_LOOP_ANALYSIS = YES;
				CLANG_WARN_STRICT_PROTOTYPES = YES;
				CLANG_WARN_SUSPICIOUS_MOVE = YES;
				CLANG_WARN_UNGUARDED_AVAILABILITY = YES_AGGRESSIVE;
				CLANG_WARN_UNREACHABLE_CODE = YES;
				CLANG_WARN__DUPLICATE_METHOD_MATCH = YES;
				COPY_PHASE_STRIP = NO;
				DEBUG_INFORMATION_FORMAT = "dwarf-with-dsym";
				ENABLE_NS_ASSERTIONS = NO;
				ENABLE_STRICT_OBJC_MSGSEND = YES;
				ENABLE_USER_SCRIPT_SANDBOXING = NO;
				GCC_C_LANGUAGE_STANDARD = gnu17;
				GCC_NO_COMMON_BLOCKS = YES;
				GCC_WARN_64_TO_32_BIT_CONVERSION = YES;
				GCC_WARN_ABOUT_RETURN_TYPE = YES_ERROR;
				GCC_WARN_UNDECLARED_SELECTOR = YES;
				GCC_WARN_UNINITIALIZED_AUTOS = YES_AGGRESSIVE;
				GCC_WARN_UNUSED_FUNCTION = YES;
				GCC_WARN_UNUSED_VARIABLE = YES;
				IPHONEOS_DEPLOYMENT_TARGET = 17.4;
				LOCALIZATION_PREFERS_STRING_CATALOGS = YES;
				MTL_ENABLE_DEBUG_INFO = NO;
				MTL_FAST_MATH = YES;
				SDKROOT = iphoneos;
				SWIFT_COMPILATION_MODE = wholemodule;
				VALIDATE_PRODUCT = YES;
			};
			name = Release;
		};
		9C5631352BB928750098E3F1 /* Debug */ = {
			isa = XCBuildConfiguration;
			baseConfigurationReference = 6C3EFE14F3BAC49C4B346776 /* Pods-MyGithub.debug.xcconfig */;
			buildSettings = {
				ASSETCATALOG_COMPILER_APPICON_NAME = AppIcon;
				ASSETCATALOG_COMPILER_GLOBAL_ACCENT_COLOR_NAME = AccentColor;
				CODE_SIGN_STYLE = Automatic;
				CURRENT_PROJECT_VERSION = 1;
				GENERATE_INFOPLIST_FILE = YES;
				INFOPLIST_FILE = MyGithub/Info.plist;
				INFOPLIST_KEY_UIApplicationSupportsIndirectInputEvents = YES;
				INFOPLIST_KEY_UILaunchStoryboardName = LaunchScreen;
				INFOPLIST_KEY_UIMainStoryboardFile = Main;
				INFOPLIST_KEY_UISupportedInterfaceOrientations = UIInterfaceOrientationPortrait;
				INFOPLIST_KEY_UISupportedInterfaceOrientations_iPad = "UIInterfaceOrientationLandscapeLeft UIInterfaceOrientationLandscapeRight UIInterfaceOrientationPortrait UIInterfaceOrientationPortraitUpsideDown";
				LD_RUNPATH_SEARCH_PATHS = (
					"$(inherited)",
					"@executable_path/Frameworks",
				);
				MARKETING_VERSION = 1.0;
				PRODUCT_BUNDLE_IDENTIFIER = com.imhs.MyGithub;
				PRODUCT_NAME = "$(TARGET_NAME)";
				SUPPORTED_PLATFORMS = "iphoneos iphonesimulator";
				SUPPORTS_MACCATALYST = NO;
				SUPPORTS_MAC_DESIGNED_FOR_IPHONE_IPAD = NO;
				SUPPORTS_XR_DESIGNED_FOR_IPHONE_IPAD = NO;
				SWIFT_EMIT_LOC_STRINGS = YES;
				SWIFT_VERSION = 5.0;
				TARGETED_DEVICE_FAMILY = 1;
			};
			name = Debug;
		};
		9C5631362BB928750098E3F1 /* Release */ = {
			isa = XCBuildConfiguration;
			baseConfigurationReference = 560E232BD76EAC9780674AD3 /* Pods-MyGithub.release.xcconfig */;
			buildSettings = {
				ASSETCATALOG_COMPILER_APPICON_NAME = AppIcon;
				ASSETCATALOG_COMPILER_GLOBAL_ACCENT_COLOR_NAME = AccentColor;
				CODE_SIGN_STYLE = Automatic;
				CURRENT_PROJECT_VERSION = 1;
				GENERATE_INFOPLIST_FILE = YES;
				INFOPLIST_FILE = MyGithub/Info.plist;
				INFOPLIST_KEY_UIApplicationSupportsIndirectInputEvents = YES;
				INFOPLIST_KEY_UILaunchStoryboardName = LaunchScreen;
				INFOPLIST_KEY_UIMainStoryboardFile = Main;
				INFOPLIST_KEY_UISupportedInterfaceOrientations = UIInterfaceOrientationPortrait;
				INFOPLIST_KEY_UISupportedInterfaceOrientations_iPad = "UIInterfaceOrientationLandscapeLeft UIInterfaceOrientationLandscapeRight UIInterfaceOrientationPortrait UIInterfaceOrientationPortraitUpsideDown";
				LD_RUNPATH_SEARCH_PATHS = (
					"$(inherited)",
					"@executable_path/Frameworks",
				);
				MARKETING_VERSION = 1.0;
				PRODUCT_BUNDLE_IDENTIFIER = com.imhs.MyGithub;
				PRODUCT_NAME = "$(TARGET_NAME)";
				SUPPORTED_PLATFORMS = "iphoneos iphonesimulator";
				SUPPORTS_MACCATALYST = NO;
				SUPPORTS_MAC_DESIGNED_FOR_IPHONE_IPAD = NO;
				SUPPORTS_XR_DESIGNED_FOR_IPHONE_IPAD = NO;
				SWIFT_EMIT_LOC_STRINGS = YES;
				SWIFT_VERSION = 5.0;
				TARGETED_DEVICE_FAMILY = 1;
			};
			name = Release;
		};
/* End XCBuildConfiguration section */

/* Begin XCConfigurationList section */
		9C5631182BB928740098E3F1 /* Build configuration list for PBXProject "MyGithub" */ = {
			isa = XCConfigurationList;
			buildConfigurations = (
				9C5631322BB928750098E3F1 /* Debug */,
				9C5631332BB928750098E3F1 /* Release */,
			);
			defaultConfigurationIsVisible = 0;
			defaultConfigurationName = Release;
		};
		9C5631342BB928750098E3F1 /* Build configuration list for PBXNativeTarget "MyGithub" */ = {
			isa = XCConfigurationList;
			buildConfigurations = (
				9C5631352BB928750098E3F1 /* Debug */,
				9C5631362BB928750098E3F1 /* Release */,
			);
			defaultConfigurationIsVisible = 0;
			defaultConfigurationName = Release;
		};
/* End XCConfigurationList section */

/* Begin XCVersionGroup section */
		9C5631292BB928740098E3F1 /* MyGithub.xcdatamodeld */ = {
			isa = XCVersionGroup;
			children = (
				9C56312A2BB928740098E3F1 /* MyGithub.xcdatamodel */,
			);
			currentVersion = 9C56312A2BB928740098E3F1 /* MyGithub.xcdatamodel */;
			path = MyGithub.xcdatamodeld;
			sourceTree = "<group>";
			versionGroupType = wrapper.xcdatamodel;
		};
/* End XCVersionGroup section */
	};
	rootObject = 9C5631152BB928740098E3F1 /* Project object */;
}
